
Microsoft Visual Studio Solution File, Format Version 12.00
# Visual Studio Version 17
VisualStudioVersion = 17.4.33205.214
MinimumVisualStudioVersion = 10.0.40219.1
Project("{FAE04EC0-301F-11D3-BF4B-00C04F79EFBC}") = "APIDrone", "APIDrone.csproj", "{56BC98AA-1448-44FD-8E64-F0F12E098E14}"
EndProject
Global
	GlobalSection(SolutionConfigurationPlatforms) = preSolution
		Debug|Any CPU = Debug|Any CPU
		Release|Any CPU = Release|Any CPU
	EndGlobalSection
	GlobalSection(ProjectConfigurationPlatforms) = postSolution
		{56BC98AA-1448-44FD-8E64-F0F12E098E14}.Debug|Any CPU.ActiveCfg = Debug|Any CPU
		{56BC98AA-1448-44FD-8E64-F0F12E098E14}.Debug|Any CPU.Build.0 = Debug|Any CPU
		{56BC98AA-1448-44FD-8E64-F0F12E098E14}.Release|Any CPU.ActiveCfg = Release|Any CPU
		{56BC98AA-1448-44FD-8E64-F0F12E098E14}.Release|Any CPU.Build.0 = Release|Any CPU
	EndGlobalSection
	GlobalSection(SolutionProperties) = preSolution
		HideSolutionNode = FALSE
	EndGlobalSection
	GlobalSection(ExtensibilityGlobals) = postSolution
		SolutionGuid = {6246B3B2-8B0D-4C6E-B175-A5674531BF3D}
	EndGlobalSection
EndGlobal
